#MicroXplorer Configuration settings - do not modify
ADC1.Channel-0\#ChannelRegularConversion=ADC_CHANNEL_15
ADC1.IPParameters=Rank-0\#ChannelRegularConversion,master,Channel-0\#ChannelRegularConversion,SamplingTime-0\#ChannelRegularConversion,NbrOfConversionFlag
ADC1.NbrOfConversionFlag=1
ADC1.Rank-0\#ChannelRegularConversion=1
ADC1.SamplingTime-0\#ChannelRegularConversion=ADC_SAMPLETIME_3CYCLES
ADC1.master=1
CAD.formats=
CAD.pinconfig=
CAD.provider=
Dma.I2C1_RX.4.Direction=DMA_PERIPH_TO_MEMORY
Dma.I2C1_RX.4.FIFOMode=DMA_FIFOMODE_DISABLE
Dma.I2C1_RX.4.Instance=DMA1_Stream5
Dma.I2C1_RX.4.MemDataAlignment=DMA_MDATAALIGN_BYTE
Dma.I2C1_RX.4.MemInc=DMA_MINC_ENABLE
Dma.I2C1_RX.4.Mode=DMA_NORMAL
Dma.I2C1_RX.4.PeriphDataAlignment=DMA_PDATAALIGN_BYTE
Dma.I2C1_RX.4.PeriphInc=DMA_PINC_DISABLE
Dma.I2C1_RX.4.Priority=DMA_PRIORITY_LOW
Dma.I2C1_RX.4.RequestParameters=Instance,Direction,PeriphInc,MemInc,PeriphDataAlignment,MemDataAlignment,Mode,Priority,FIFOMode
Dma.I2C1_TX.5.Direction=DMA_MEMORY_TO_PERIPH
Dma.I2C1_TX.5.FIFOMode=DMA_FIFOMODE_DISABLE
Dma.I2C1_TX.5.Instance=DMA1_Stream6
Dma.I2C1_TX.5.MemDataAlignment=DMA_MDATAALIGN_BYTE
Dma.I2C1_TX.5.MemInc=DMA_MINC_ENABLE
Dma.I2C1_TX.5.Mode=DMA_NORMAL
Dma.I2C1_TX.5.PeriphDataAlignment=DMA_PDATAALIGN_BYTE
Dma.I2C1_TX.5.PeriphInc=DMA_PINC_DISABLE
Dma.I2C1_TX.5.Priority=DMA_PRIORITY_LOW
Dma.I2C1_TX.5.RequestParameters=Instance,Direction,PeriphInc,MemInc,PeriphDataAlignment,MemDataAlignment,Mode,Priority,FIFOMode
Dma.MEMTOMEM.6.Direction=DMA_MEMORY_TO_MEMORY
Dma.MEMTOMEM.6.FIFOMode=DMA_FIFOMODE_ENABLE
Dma.MEMTOMEM.6.FIFOThreshold=DMA_FIFO_THRESHOLD_FULL
Dma.MEMTOMEM.6.Instance=DMA2_Stream0
Dma.MEMTOMEM.6.MemBurst=DMA_MBURST_SINGLE
Dma.MEMTOMEM.6.MemDataAlignment=DMA_MDATAALIGN_BYTE
Dma.MEMTOMEM.6.MemInc=DMA_MINC_ENABLE
Dma.MEMTOMEM.6.Mode=DMA_NORMAL
Dma.MEMTOMEM.6.PeriphBurst=DMA_PBURST_SINGLE
Dma.MEMTOMEM.6.PeriphDataAlignment=DMA_PDATAALIGN_BYTE
Dma.MEMTOMEM.6.PeriphInc=DMA_PINC_ENABLE
Dma.MEMTOMEM.6.Priority=DMA_PRIORITY_LOW
Dma.MEMTOMEM.6.RequestParameters=Instance,Direction,PeriphInc,MemInc,PeriphDataAlignment,MemDataAlignment,Mode,Priority,FIFOMode,FIFOThreshold,MemBurst,PeriphBurst
Dma.MEMTOMEM.7.Direction=DMA_MEMORY_TO_MEMORY
Dma.MEMTOMEM.7.FIFOMode=DMA_FIFOMODE_ENABLE
Dma.MEMTOMEM.7.FIFOThreshold=DMA_FIFO_THRESHOLD_FULL
Dma.MEMTOMEM.7.Instance=DMA2_Stream1
Dma.MEMTOMEM.7.MemBurst=DMA_MBURST_SINGLE
Dma.MEMTOMEM.7.MemDataAlignment=DMA_MDATAALIGN_BYTE
Dma.MEMTOMEM.7.MemInc=DMA_MINC_ENABLE
Dma.MEMTOMEM.7.Mode=DMA_NORMAL
Dma.MEMTOMEM.7.PeriphBurst=DMA_PBURST_SINGLE
Dma.MEMTOMEM.7.PeriphDataAlignment=DMA_PDATAALIGN_BYTE
Dma.MEMTOMEM.7.PeriphInc=DMA_PINC_ENABLE
Dma.MEMTOMEM.7.Priority=DMA_PRIORITY_LOW
Dma.MEMTOMEM.7.RequestParameters=Instance,Direction,PeriphInc,MemInc,PeriphDataAlignment,MemDataAlignment,Mode,Priority,FIFOMode,FIFOThreshold,MemBurst,PeriphBurst
Dma.Request0=TIM1_CH4/TRIG/COM
Dma.Request1=TIM2_UP/CH3
Dma.Request10=USART1_RX
Dma.Request11=USART1_TX
Dma.Request12=SPI3_RX
Dma.Request2=SPI2_TX
Dma.Request3=SPI1_TX
Dma.Request4=I2C1_RX
Dma.Request5=I2C1_TX
Dma.Request6=MEMTOMEM
Dma.Request7=MEMTOMEM
Dma.Request8=USART6_TX
Dma.Request9=USART6_RX
Dma.RequestsNb=13
Dma.SPI1_TX.3.Direction=DMA_MEMORY_TO_PERIPH
Dma.SPI1_TX.3.FIFOMode=DMA_FIFOMODE_DISABLE
Dma.SPI1_TX.3.Instance=DMA2_Stream3
Dma.SPI1_TX.3.MemDataAlignment=DMA_MDATAALIGN_BYTE
Dma.SPI1_TX.3.MemInc=DMA_MINC_ENABLE
Dma.SPI1_TX.3.Mode=DMA_NORMAL
Dma.SPI1_TX.3.PeriphDataAlignment=DMA_PDATAALIGN_BYTE
Dma.SPI1_TX.3.PeriphInc=DMA_PINC_DISABLE
Dma.SPI1_TX.3.Priority=DMA_PRIORITY_LOW
Dma.SPI1_TX.3.RequestParameters=Instance,Direction,PeriphInc,MemInc,PeriphDataAlignment,MemDataAlignment,Mode,Priority,FIFOMode
Dma.SPI2_TX.2.Direction=DMA_MEMORY_TO_PERIPH
Dma.SPI2_TX.2.FIFOMode=DMA_FIFOMODE_DISABLE
Dma.SPI2_TX.2.Instance=DMA1_Stream4
Dma.SPI2_TX.2.MemDataAlignment=DMA_MDATAALIGN_BYTE
Dma.SPI2_TX.2.MemInc=DMA_MINC_ENABLE
Dma.SPI2_TX.2.Mode=DMA_NORMAL
Dma.SPI2_TX.2.PeriphDataAlignment=DMA_PDATAALIGN_BYTE
Dma.SPI2_TX.2.PeriphInc=DMA_PINC_DISABLE
Dma.SPI2_TX.2.Priority=DMA_PRIORITY_LOW
Dma.SPI2_TX.2.RequestParameters=Instance,Direction,PeriphInc,MemInc,PeriphDataAlignment,MemDataAlignment,Mode,Priority,FIFOMode
Dma.SPI3_RX.12.Direction=DMA_PERIPH_TO_MEMORY
Dma.SPI3_RX.12.FIFOMode=DMA_FIFOMODE_DISABLE
Dma.SPI3_RX.12.Instance=DMA1_Stream0
Dma.SPI3_RX.12.MemDataAlignment=DMA_MDATAALIGN_BYTE
Dma.SPI3_RX.12.MemInc=DMA_MINC_ENABLE
Dma.SPI3_RX.12.Mode=DMA_NORMAL
Dma.SPI3_RX.12.PeriphDataAlignment=DMA_PDATAALIGN_BYTE
Dma.SPI3_RX.12.PeriphInc=DMA_PINC_DISABLE
Dma.SPI3_RX.12.Priority=DMA_PRIORITY_LOW
Dma.SPI3_RX.12.RequestParameters=Instance,Direction,PeriphInc,MemInc,PeriphDataAlignment,MemDataAlignment,Mode,Priority,FIFOMode
Dma.TIM1_CH4/TRIG/COM.0.Direction=DMA_PERIPH_TO_MEMORY
Dma.TIM1_CH4/TRIG/COM.0.FIFOMode=DMA_FIFOMODE_DISABLE
Dma.TIM1_CH4/TRIG/COM.0.Instance=DMA2_Stream4
Dma.TIM1_CH4/TRIG/COM.0.MemDataAlignment=DMA_MDATAALIGN_HALFWORD
Dma.TIM1_CH4/TRIG/COM.0.MemInc=DMA_MINC_ENABLE
Dma.TIM1_CH4/TRIG/COM.0.Mode=DMA_NORMAL
Dma.TIM1_CH4/TRIG/COM.0.PeriphDataAlignment=DMA_PDATAALIGN_HALFWORD
Dma.TIM1_CH4/TRIG/COM.0.PeriphInc=DMA_PINC_DISABLE
Dma.TIM1_CH4/TRIG/COM.0.Priority=DMA_PRIORITY_LOW
Dma.TIM1_CH4/TRIG/COM.0.RequestParameters=Instance,Direction,PeriphInc,MemInc,PeriphDataAlignment,MemDataAlignment,Mode,Priority,FIFOMode
Dma.TIM2_UP/CH3.1.Direction=DMA_PERIPH_TO_MEMORY
Dma.TIM2_UP/CH3.1.FIFOMode=DMA_FIFOMODE_DISABLE
Dma.TIM2_UP/CH3.1.Instance=DMA1_Stream1
Dma.TIM2_UP/CH3.1.MemDataAlignment=DMA_MDATAALIGN_WORD
Dma.TIM2_UP/CH3.1.MemInc=DMA_MINC_ENABLE
Dma.TIM2_UP/CH3.1.Mode=DMA_NORMAL
Dma.TIM2_UP/CH3.1.PeriphDataAlignment=DMA_PDATAALIGN_WORD
Dma.TIM2_UP/CH3.1.PeriphInc=DMA_PINC_DISABLE
Dma.TIM2_UP/CH3.1.Priority=DMA_PRIORITY_LOW
Dma.TIM2_UP/CH3.1.RequestParameters=Instance,Direction,PeriphInc,MemInc,PeriphDataAlignment,MemDataAlignment,Mode,Priority,FIFOMode
Dma.USART1_RX.10.Direction=DMA_PERIPH_TO_MEMORY
Dma.USART1_RX.10.FIFOMode=DMA_FIFOMODE_DISABLE
Dma.USART1_RX.10.Instance=DMA2_Stream5
Dma.USART1_RX.10.MemDataAlignment=DMA_MDATAALIGN_BYTE
Dma.USART1_RX.10.MemInc=DMA_MINC_ENABLE
Dma.USART1_RX.10.Mode=DMA_CIRCULAR
Dma.USART1_RX.10.PeriphDataAlignment=DMA_PDATAALIGN_BYTE
Dma.USART1_RX.10.PeriphInc=DMA_PINC_DISABLE
Dma.USART1_RX.10.Priority=DMA_PRIORITY_LOW
Dma.USART1_RX.10.RequestParameters=Instance,Direction,PeriphInc,MemInc,PeriphDataAlignment,MemDataAlignment,Mode,Priority,FIFOMode
Dma.USART1_TX.11.Direction=DMA_MEMORY_TO_PERIPH
Dma.USART1_TX.11.FIFOMode=DMA_FIFOMODE_DISABLE
Dma.USART1_TX.11.Instance=DMA2_Stream7
Dma.USART1_TX.11.MemDataAlignment=DMA_MDATAALIGN_BYTE
Dma.USART1_TX.11.MemInc=DMA_MINC_ENABLE
Dma.USART1_TX.11.Mode=DMA_NORMAL
Dma.USART1_TX.11.PeriphDataAlignment=DMA_PDATAALIGN_BYTE
Dma.USART1_TX.11.PeriphInc=DMA_PINC_DISABLE
Dma.USART1_TX.11.Priority=DMA_PRIORITY_LOW
Dma.USART1_TX.11.RequestParameters=Instance,Direction,PeriphInc,MemInc,PeriphDataAlignment,MemDataAlignment,Mode,Priority,FIFOMode
Dma.USART6_RX.9.Direction=DMA_PERIPH_TO_MEMORY
Dma.USART6_RX.9.FIFOMode=DMA_FIFOMODE_DISABLE
Dma.USART6_RX.9.Instance=DMA2_Stream2
Dma.USART6_RX.9.MemDataAlignment=DMA_MDATAALIGN_BYTE
Dma.USART6_RX.9.MemInc=DMA_MINC_ENABLE
Dma.USART6_RX.9.Mode=DMA_CIRCULAR
Dma.USART6_RX.9.PeriphDataAlignment=DMA_PDATAALIGN_BYTE
Dma.USART6_RX.9.PeriphInc=DMA_PINC_DISABLE
Dma.USART6_RX.9.Priority=DMA_PRIORITY_LOW
Dma.USART6_RX.9.RequestParameters=Instance,Direction,PeriphInc,MemInc,PeriphDataAlignment,MemDataAlignment,Mode,Priority,FIFOMode
Dma.USART6_TX.8.Direction=DMA_MEMORY_TO_PERIPH
Dma.USART6_TX.8.FIFOMode=DMA_FIFOMODE_DISABLE
Dma.USART6_TX.8.Instance=DMA2_Stream6
Dma.USART6_TX.8.MemDataAlignment=DMA_MDATAALIGN_BYTE
Dma.USART6_TX.8.MemInc=DMA_MINC_ENABLE
Dma.USART6_TX.8.Mode=DMA_NORMAL
Dma.USART6_TX.8.PeriphDataAlignment=DMA_PDATAALIGN_BYTE
Dma.USART6_TX.8.PeriphInc=DMA_PINC_DISABLE
Dma.USART6_TX.8.Priority=DMA_PRIORITY_LOW
Dma.USART6_TX.8.RequestParameters=Instance,Direction,PeriphInc,MemInc,PeriphDataAlignment,MemDataAlignment,Mode,Priority,FIFOMode
File.Version=6
GPIO.groupedBy=Group By Peripherals
I2C1.I2C_Mode=I2C_Fast
I2C1.IPParameters=I2C_Mode,OwnAddress
I2C1.OwnAddress=0x06
KeepUserPlacement=false
Mcu.CPN=STM32F407VET6
Mcu.Family=STM32F4
Mcu.IP0=ADC1
Mcu.IP1=DMA
Mcu.IP10=TIM1
Mcu.IP11=TIM2
Mcu.IP12=TIM3
Mcu.IP13=TIM5
Mcu.IP14=TIM12
Mcu.IP15=TIM13
Mcu.IP16=TIM14
Mcu.IP17=UART4
Mcu.IP18=UART5
Mcu.IP19=USART1
Mcu.IP2=I2C1
Mcu.IP20=USART2
Mcu.IP21=USART3
Mcu.IP22=USART6
Mcu.IP23=USB_DEVICE
Mcu.IP24=USB_OTG_FS
Mcu.IP3=NVIC
Mcu.IP4=RCC
Mcu.IP5=RNG
Mcu.IP6=SPI1
Mcu.IP7=SPI2
Mcu.IP8=SPI3
Mcu.IP9=SYS
Mcu.IPNb=25
Mcu.Name=STM32F407V(E-G)Tx
Mcu.Package=LQFP100
Mcu.Pin0=PE2
Mcu.Pin1=PE3
Mcu.Pin10=PC0
Mcu.Pin11=PC1
Mcu.Pin12=PC2
Mcu.Pin13=PC3
Mcu.Pin14=PA0-WKUP
Mcu.Pin15=PA1
Mcu.Pin16=PA2
Mcu.Pin17=PA3
Mcu.Pin18=PA4
Mcu.Pin19=PA5
Mcu.Pin2=PE4
Mcu.Pin20=PA6
Mcu.Pin21=PA7
Mcu.Pin22=PC4
Mcu.Pin23=PC5
Mcu.Pin24=PB0
Mcu.Pin25=PB1
Mcu.Pin26=PE9
Mcu.Pin27=PE11
Mcu.Pin28=PE13
Mcu.Pin29=PE14
Mcu.Pin3=PE5
Mcu.Pin30=PB10
Mcu.Pin31=PB11
Mcu.Pin32=PB12
Mcu.Pin33=PB13
Mcu.Pin34=PD8
Mcu.Pin35=PD9
Mcu.Pin36=PD10
Mcu.Pin37=PD11
Mcu.Pin38=PD12
Mcu.Pin39=PC6
Mcu.Pin4=PE6
Mcu.Pin40=PC8
Mcu.Pin41=PC9
Mcu.Pin42=PA8
Mcu.Pin43=PA11
Mcu.Pin44=PA12
Mcu.Pin45=PA13
Mcu.Pin46=PA14
Mcu.Pin47=PC10
Mcu.Pin48=PC11
Mcu.Pin49=PC12
Mcu.Pin5=PC13-ANTI_TAMP
Mcu.Pin50=PD2
Mcu.Pin51=PD5
Mcu.Pin52=PD6
Mcu.Pin53=PB3
Mcu.Pin54=PB4
Mcu.Pin55=PB5
Mcu.Pin56=PB6
Mcu.Pin57=PB7
Mcu.Pin58=PB8
Mcu.Pin59=PB9
Mcu.Pin6=PC14-OSC32_IN
Mcu.Pin60=PE0
Mcu.Pin61=PE1
Mcu.Pin62=VP_RNG_VS_RNG
Mcu.Pin63=VP_SYS_VS_Systick
Mcu.Pin64=VP_TIM1_VS_ClockSourceINT
Mcu.Pin65=VP_TIM2_VS_ClockSourceINT
Mcu.Pin66=VP_TIM3_VS_ClockSourceINT
Mcu.Pin67=VP_TIM5_VS_ClockSourceINT
Mcu.Pin68=VP_TIM12_VS_ClockSourceINT
Mcu.Pin69=VP_TIM13_VS_ClockSourceINT
Mcu.Pin7=PC15-OSC32_OUT
Mcu.Pin70=VP_TIM14_VS_ClockSourceINT
Mcu.Pin71=VP_USB_DEVICE_VS_USB_DEVICE_CDC_FS
Mcu.Pin8=PH0-OSC_IN
Mcu.Pin9=PH1-OSC_OUT
Mcu.PinsNb=72
Mcu.ThirdPartyNb=0
Mcu.UserConstants=
Mcu.UserName=STM32F407VETx
MxCube.Version=6.9.1
MxDb.Version=DB.6.0.91
NVIC.BusFault_IRQn=true\:0\:0\:false\:false\:true\:false\:false\:false
NVIC.DMA1_Stream0_IRQn=true\:0\:0\:false\:false\:true\:false\:true\:true
NVIC.DMA1_Stream1_IRQn=true\:0\:0\:true\:false\:true\:false\:true\:true
NVIC.DMA1_Stream4_IRQn=true\:0\:0\:true\:false\:true\:false\:true\:true
NVIC.DMA1_Stream5_IRQn=true\:0\:0\:true\:false\:true\:false\:true\:true
NVIC.DMA1_Stream6_IRQn=true\:0\:0\:true\:false\:true\:false\:true\:true
NVIC.DMA2_Stream2_IRQn=true\:0\:0\:true\:false\:true\:false\:true\:true
NVIC.DMA2_Stream3_IRQn=true\:0\:0\:true\:false\:true\:false\:true\:true
NVIC.DMA2_Stream4_IRQn=true\:0\:0\:true\:false\:true\:false\:true\:true
NVIC.DMA2_Stream5_IRQn=true\:0\:0\:false\:false\:true\:false\:true\:true
NVIC.DMA2_Stream6_IRQn=true\:0\:0\:true\:false\:true\:false\:true\:true
NVIC.DMA2_Stream7_IRQn=true\:0\:0\:false\:false\:true\:false\:true\:true
NVIC.DebugMonitor_IRQn=true\:0\:0\:false\:false\:true\:false\:false\:false
NVIC.ForceEnableDMAVector=true
NVIC.HardFault_IRQn=true\:0\:0\:false\:false\:true\:false\:false\:false
NVIC.I2C1_ER_IRQn=true\:0\:0\:true\:false\:true\:true\:true\:true
NVIC.I2C1_EV_IRQn=true\:0\:0\:true\:false\:true\:true\:true\:true
NVIC.MemoryManagement_IRQn=true\:0\:0\:false\:false\:true\:false\:false\:false
NVIC.NonMaskableInt_IRQn=true\:0\:0\:false\:false\:true\:false\:false\:false
NVIC.OTG_FS_IRQn=true\:0\:0\:true\:false\:true\:true\:true\:true
NVIC.PendSV_IRQn=true\:0\:0\:false\:false\:true\:false\:false\:false
NVIC.PriorityGroup=NVIC_PRIORITYGROUP_4
NVIC.SVCall_IRQn=true\:0\:0\:false\:false\:true\:false\:false\:false
NVIC.SysTick_IRQn=true\:10\:0\:true\:false\:true\:false\:true\:false
NVIC.TIM8_BRK_TIM12_IRQn=true\:12\:0\:true\:false\:true\:true\:true\:true
NVIC.TIM8_TRG_COM_TIM14_IRQn=true\:14\:0\:true\:false\:true\:true\:true\:true
NVIC.TIM8_UP_TIM13_IRQn=true\:13\:0\:true\:false\:true\:true\:true\:true
NVIC.UART4_IRQn=true\:0\:0\:false\:false\:true\:true\:true\:true
NVIC.UART5_IRQn=true\:0\:0\:false\:false\:true\:true\:true\:true
NVIC.USART1_IRQn=true\:0\:0\:false\:false\:true\:true\:true\:true
NVIC.USART2_IRQn=true\:0\:0\:false\:false\:true\:true\:true\:true
NVIC.USART3_IRQn=true\:0\:0\:false\:false\:true\:true\:true\:true
NVIC.USART6_IRQn=true\:0\:0\:true\:false\:true\:true\:true\:true
NVIC.UsageFault_IRQn=true\:0\:0\:false\:false\:true\:false\:false\:false
PA0-WKUP.GPIOParameters=GPIO_Label
PA0-WKUP.GPIO_Label=U4_TX
PA0-WKUP.Locked=true
PA0-WKUP.Signal=GPIO_Input
PA1.GPIOParameters=GPIO_Label
PA1.GPIO_Label=U4_RX
PA1.Locked=true
PA1.Signal=GPIO_Input
PA11.GPIOParameters=GPIO_Speed
PA11.GPIO_Speed=GPIO_SPEED_FREQ_MEDIUM
PA11.Mode=Device_Only
PA11.Signal=USB_OTG_FS_DM
PA12.GPIOParameters=GPIO_Speed
PA12.GPIO_Speed=GPIO_SPEED_FREQ_MEDIUM
PA12.Mode=Device_Only
PA12.Signal=USB_OTG_FS_DP
PA13.Locked=true
PA13.Signal=SYS_JTMS-SWDIO
PA14.Locked=true
PA14.Signal=SYS_JTCK-SWCLK
PA2.GPIOParameters=GPIO_Label
PA2.GPIO_Label=IN2
PA2.Locked=true
PA2.Signal=GPIO_Input
PA3.GPIOParameters=GPIO_Label
PA3.GPIO_Label=OUT8
PA3.Locked=true
PA3.Signal=GPIO_Output
PA4.GPIOParameters=GPIO_Label
PA4.GPIO_Label=IN1
PA4.Locked=true
PA4.Signal=GPIO_Input
PA5.GPIOParameters=GPIO_Speed,GPIO_PuPd,GPIO_Label
PA5.GPIO_Label=SCK_6024
PA5.GPIO_PuPd=GPIO_PULLDOWN
PA5.GPIO_Speed=GPIO_SPEED_FREQ_HIGH
PA5.Mode=TX_Only_Simplex_Unidirect_Master
PA5.Signal=SPI1_SCK
PA6.GPIOParameters=GPIO_Label
PA6.GPIO_Label=POL_6024
PA6.Locked=true
PA6.Signal=GPIO_Output
PA7.GPIOParameters=GPIO_Speed,GPIO_PuPd,GPIO_Label
PA7.GPIO_Label=DAT_6024
PA7.GPIO_PuPd=GPIO_PULLDOWN
PA7.GPIO_Speed=GPIO_SPEED_FREQ_HIGH
PA7.Mode=TX_Only_Simplex_Unidirect_Master
PA7.Signal=SPI1_MOSI
PA8.GPIOParameters=GPIO_Speed
PA8.GPIO_Speed=GPIO_SPEED_FREQ_LOW
PA8.Mode=Clock-out-1
PA8.Signal=RCC_MCO_1
PB0.Locked=true
PB0.Signal=S_TIM3_CH3
PB1.GPIOParameters=GPIO_Label
PB1.GPIO_Label=OUT7
PB1.Locked=true
PB1.Signal=GPIO_Output
PB10.GPIOParameters=GPIO_Label
PB10.GPIO_Label=OUT2
PB10.Locked=true
PB10.Signal=GPIO_Output
PB11.GPIOParameters=GPIO_Label
PB11.GPIO_Label=OUT1
PB11.Locked=true
PB11.Signal=GPIO_Output
PB12.Locked=true
PB12.Signal=SPI2_NSS
PB13.GPIOParameters=GPIO_Speed,GPIO_PuPd,GPIO_Label
PB13.GPIO_Label=SPI_CLK
PB13.GPIO_PuPd=GPIO_PULLDOWN
PB13.GPIO_Speed=GPIO_SPEED_FREQ_HIGH
PB13.Mode=TX_Only_Simplex_Unidirect_Master
PB13.Signal=SPI2_SCK
PB3.GPIOParameters=GPIO_PuPd,GPIO_Label
PB3.GPIO_Label=SCK165
PB3.GPIO_PuPd=GPIO_PULLUP
PB3.Locked=true
PB3.Mode=RX_Only_Simplex_Unidirect_Master
PB3.Signal=SPI3_SCK
PB4.GPIOParameters=GPIO_PuPd,GPIO_Label
PB4.GPIO_Label=DAT165
PB4.GPIO_PuPd=GPIO_PULLUP
PB4.Locked=true
PB4.Mode=RX_Only_Simplex_Unidirect_Master
PB4.Signal=SPI3_MISO
PB5.GPIOParameters=GPIO_Label
PB5.GPIO_Label=LD165
PB5.Locked=true
PB5.Signal=GPIO_Output
PB6.GPIOParameters=GPIO_Speed
PB6.GPIO_Speed=GPIO_SPEED_FREQ_LOW
PB6.Locked=true
PB6.Mode=Asynchronous
PB6.Signal=USART1_TX
PB7.GPIOParameters=GPIO_Speed
PB7.GPIO_Speed=GPIO_SPEED_FREQ_LOW
PB7.Mode=Asynchronous
PB7.Signal=USART1_RX
PB8.GPIOParameters=GPIO_Speed
PB8.GPIO_Speed=GPIO_SPEED_FREQ_LOW
PB8.Mode=I2C
PB8.Signal=I2C1_SCL
PB9.GPIOParameters=GPIO_Speed
PB9.GPIO_Speed=GPIO_SPEED_FREQ_LOW
PB9.Mode=I2C
PB9.Signal=I2C1_SDA
PC0.GPIOParameters=GPIO_Label
PC0.GPIO_Label=IN5
PC0.Locked=true
PC0.Signal=GPIO_Input
PC1.GPIOParameters=GPIO_Label
PC1.GPIO_Label=IN4
PC1.Locked=true
PC1.Signal=GPIO_Input
PC10.GPIOParameters=GPIO_Speed
PC10.GPIO_Speed=GPIO_SPEED_FREQ_LOW
PC10.Mode=Asynchronous
PC10.Signal=UART4_TX
PC11.GPIOParameters=GPIO_Speed
PC11.GPIO_Speed=GPIO_SPEED_FREQ_LOW
PC11.Mode=Asynchronous
PC11.Signal=UART4_RX
PC12.GPIOParameters=GPIO_Speed
PC12.GPIO_Speed=GPIO_SPEED_FREQ_LOW
PC12.Mode=Asynchronous
PC12.Signal=UART5_TX
PC13-ANTI_TAMP.GPIOParameters=GPIO_Label
PC13-ANTI_TAMP.GPIO_Label=IN8
PC13-ANTI_TAMP.Locked=true
PC13-ANTI_TAMP.Signal=GPIO_Input
PC14-OSC32_IN.GPIOParameters=GPIO_Label
PC14-OSC32_IN.GPIO_Label=IN7
PC14-OSC32_IN.Locked=true
PC14-OSC32_IN.Signal=GPIO_Input
PC15-OSC32_OUT.GPIOParameters=GPIO_Label
PC15-OSC32_OUT.GPIO_Label=IN6
PC15-OSC32_OUT.Locked=true
PC15-OSC32_OUT.Signal=GPIO_Input
PC2.GPIOParameters=GPIO_Label
PC2.GPIO_Label=IN3
PC2.Locked=true
PC2.Signal=GPIO_Input
PC3.GPIOParameters=GPIO_Speed,GPIO_PuPd,GPIO_Label
PC3.GPIO_Label=SPI_DAT
PC3.GPIO_PuPd=GPIO_PULLDOWN
PC3.GPIO_Speed=GPIO_SPEED_FREQ_HIGH
PC3.Mode=TX_Only_Simplex_Unidirect_Master
PC3.Signal=SPI2_MOSI
PC4.GPIOParameters=GPIO_Label
PC4.GPIO_Label=i_qe
PC4.Locked=true
PC4.Signal=GPIO_Output
PC5.Locked=true
PC5.Signal=ADCx_IN15
PC6.GPIOParameters=GPIO_Speed,GPIO_PuPd
PC6.GPIO_PuPd=GPIO_PULLUP
PC6.GPIO_Speed=GPIO_SPEED_FREQ_LOW
PC6.Mode=Half_duplex(single_wire_mode)
PC6.Signal=USART6_TX
PC8.GPIOParameters=GPIO_Label
PC8.GPIO_Label=DOG_LED
PC8.Locked=true
PC8.Signal=GPIO_Output
PC9.GPIOParameters=GPIO_Label
PC9.GPIO_Label=DOG_RST
PC9.Locked=true
PC9.Signal=GPIO_Output
PD10.GPIOParameters=GPIO_PuPd,GPIO_Label
PD10.GPIO_Label=VER0
PD10.GPIO_PuPd=GPIO_PULLUP
PD10.Locked=true
PD10.Signal=GPIO_Input
PD11.GPIOParameters=GPIO_PuPd,GPIO_Label
PD11.GPIO_Label=VER1
PD11.GPIO_PuPd=GPIO_PULLUP
PD11.Locked=true
PD11.Signal=GPIO_Input
PD12.GPIOParameters=GPIO_PuPd,GPIO_Label
PD12.GPIO_Label=VER2
PD12.GPIO_PuPd=GPIO_PULLUP
PD12.Locked=true
PD12.Signal=GPIO_Input
PD2.GPIOParameters=GPIO_Speed
PD2.GPIO_Speed=GPIO_SPEED_FREQ_LOW
PD2.Mode=Asynchronous
PD2.Signal=UART5_RX
PD5.GPIOParameters=GPIO_Speed
PD5.GPIO_Speed=GPIO_SPEED_FREQ_LOW
PD5.Mode=Asynchronous
PD5.Signal=USART2_TX
PD6.GPIOParameters=GPIO_Speed
PD6.GPIO_Speed=GPIO_SPEED_FREQ_LOW
PD6.Mode=Asynchronous
PD6.Signal=USART2_RX
PD8.GPIOParameters=GPIO_Speed
PD8.GPIO_Speed=GPIO_SPEED_FREQ_LOW
PD8.Mode=Asynchronous
PD8.Signal=USART3_TX
PD9.GPIOParameters=GPIO_Speed
PD9.GPIO_Speed=GPIO_SPEED_FREQ_LOW
PD9.Mode=Asynchronous
PD9.Signal=USART3_RX
PE0.GPIOParameters=GPIO_Label
PE0.GPIO_Label=OC7
PE0.Locked=true
PE0.Signal=GPIO_Output
PE1.GPIOParameters=GPIO_Label
PE1.GPIO_Label=OC6
PE1.Locked=true
PE1.Signal=GPIO_Output
PE11.GPIOParameters=GPIO_Label
PE11.GPIO_Label=OUT5
PE11.Locked=true
PE11.Signal=GPIO_Output
PE13.GPIOParameters=GPIO_Label
PE13.GPIO_Label=OUT4
PE13.Locked=true
PE13.Signal=GPIO_Output
PE14.GPIOParameters=GPIO_Label
PE14.GPIO_Label=OUT3
PE14.Locked=true
PE14.Signal=GPIO_Output
PE2.GPIOParameters=GPIO_Label
PE2.GPIO_Label=OC5
PE2.Locked=true
PE2.Signal=GPIO_Output
PE3.GPIOParameters=GPIO_Label
PE3.GPIO_Label=OC4
PE3.Locked=true
PE3.Signal=GPIO_Output
PE4.GPIOParameters=GPIO_Label
PE4.GPIO_Label=OC3
PE4.Locked=true
PE4.Signal=GPIO_Output
PE5.GPIOParameters=GPIO_Label
PE5.GPIO_Label=OC2
PE5.Locked=true
PE5.Signal=GPIO_Output
PE6.GPIOParameters=GPIO_Label
PE6.GPIO_Label=OC1
PE6.Locked=true
PE6.Signal=GPIO_Output
PE9.GPIOParameters=GPIO_Label
PE9.GPIO_Label=OUT6
PE9.Locked=true
PE9.Signal=GPIO_Output
PH0-OSC_IN.Mode=HSE-External-Oscillator
PH0-OSC_IN.Signal=RCC_OSC_IN
PH1-OSC_OUT.Mode=HSE-External-Oscillator
PH1-OSC_OUT.Signal=RCC_OSC_OUT
PinOutPanel.RotationAngle=0
ProjectManager.AskForMigrate=true
ProjectManager.BackupPrevious=false
ProjectManager.CompilerOptimize=6
ProjectManager.ComputerToolchain=false
ProjectManager.CoupleFile=true
ProjectManager.CustomerFirmwarePackage=
ProjectManager.DefaultFWLocation=true
ProjectManager.DeletePrevious=true
ProjectManager.DeviceId=STM32F407VETx
ProjectManager.FirmwarePackage=STM32Cube FW_F4 V1.27.1
ProjectManager.FreePins=true
ProjectManager.HalAssertFull=false
ProjectManager.HeapSize=0x400
ProjectManager.KeepUserCode=true
ProjectManager.LastFirmware=true
ProjectManager.LibraryCopy=1
ProjectManager.MainLocation=Core/Src
ProjectManager.NoMain=false
ProjectManager.PreviousToolchain=
ProjectManager.ProjectBuild=false
ProjectManager.ProjectFileName=test.ioc
ProjectManager.ProjectName=test
ProjectManager.ProjectStructure=
ProjectManager.RegisterCallBack=
ProjectManager.StackSize=0x800
ProjectManager.TargetToolchain=MDK-ARM V5.32
ProjectManager.ToolChainLocation=
ProjectManager.UAScriptAfterPath=
ProjectManager.UAScriptBeforePath=
ProjectManager.UnderRoot=false
ProjectManager.functionlistsort=1-SystemClock_Config-RCC-false-HAL-false,2-MX_GPIO_Init-GPIO-false-HAL-true,3-MX_DMA_Init-DMA-false-HAL-true,4-MX_SPI1_Init-SPI1-false-HAL-true,5-MX_SPI2_Init-SPI2-false-HAL-true,6-MX_UART4_Init-UART4-false-HAL-true,7-MX_UART5_Init-UART5-false-HAL-true,8-MX_USART1_UART_Init-USART1-false-HAL-true,9-MX_USART2_UART_Init-USART2-false-HAL-true,10-MX_USART3_UART_Init-USART3-false-HAL-true,11-MX_USART6_UART_Init-USART6-false-HAL-true,12-MX_I2C1_Init-I2C1-false-HAL-true,13-MX_TIM1_Init-TIM1-false-HAL-true,14-MX_TIM2_Init-TIM2-false-HAL-true,15-MX_TIM3_Init-TIM3-false-HAL-true,16-MX_TIM5_Init-TIM5-false-HAL-true,17-MX_ADC1_Init-ADC1-false-HAL-true,18-MX_RNG_Init-RNG-false-HAL-true,19-MX_USB_DEVICE_Init-USB_DEVICE-false-HAL-false,20-MX_TIM12_Init-TIM12-false-HAL-true,21-MX_TIM13_Init-TIM13-false-HAL-true,22-MX_TIM14_Init-TIM14-false-HAL-true,23-MX_SPI3_Init-SPI3-false-HAL-true
RCC.48MHZClocksFreq_Value=48000000
RCC.AHBFreq_Value=168000000
RCC.APB1CLKDivider=RCC_HCLK_DIV4
RCC.APB1Freq_Value=42000000
RCC.APB1TimFreq_Value=84000000
RCC.APB2CLKDivider=RCC_HCLK_DIV2
RCC.APB2Freq_Value=84000000
RCC.APB2TimFreq_Value=168000000
RCC.CortexFreq_Value=168000000
RCC.EthernetFreq_Value=168000000
RCC.FCLKCortexFreq_Value=168000000
RCC.FamilyName=M
RCC.HCLKFreq_Value=168000000
RCC.HSE_VALUE=8000000
RCC.HSI_VALUE=16000000
RCC.I2SClocksFreq_Value=192000000
RCC.IPParameters=48MHZClocksFreq_Value,AHBFreq_Value,APB1CLKDivider,APB1Freq_Value,APB1TimFreq_Value,APB2CLKDivider,APB2Freq_Value,APB2TimFreq_Value,CortexFreq_Value,EthernetFreq_Value,FCLKCortexFreq_Value,FamilyName,HCLKFreq_Value,HSE_VALUE,HSI_VALUE,I2SClocksFreq_Value,LSE_VALUE,LSI_VALUE,MCO1PinFreq_Value,MCO2PinFreq_Value,PLLCLKFreq_Value,PLLM,PLLN,PLLQ,PLLQCLKFreq_Value,RCC_MCO1Source,RCC_MCO2Source,RCC_MCODiv1,RCC_MCODiv2,RTCFreq_Value,RTCHSEDivFreq_Value,SYSCLKFreq_VALUE,SYSCLKSource,VCOI2SOutputFreq_Value,VCOInputFreq_Value,VCOOutputFreq_Value,VcooutputI2S
RCC.LSE_VALUE=32768
RCC.LSI_VALUE=32000
RCC.MCO1PinFreq_Value=4000000
RCC.MCO2PinFreq_Value=33600000
RCC.PLLCLKFreq_Value=168000000
RCC.PLLM=4
RCC.PLLN=168
RCC.PLLQ=7
RCC.PLLQCLKFreq_Value=48000000
RCC.RCC_MCO1Source=RCC_MCO1SOURCE_HSE
RCC.RCC_MCO2Source=RCC_MCO2SOURCE_PLLCLK
RCC.RCC_MCODiv1=RCC_MCODIV_2
RCC.RCC_MCODiv2=RCC_MCODIV_5
RCC.RTCFreq_Value=32000
RCC.RTCHSEDivFreq_Value=4000000
RCC.SYSCLKFreq_VALUE=168000000
RCC.SYSCLKSource=RCC_SYSCLKSOURCE_PLLCLK
RCC.VCOI2SOutputFreq_Value=384000000
RCC.VCOInputFreq_Value=2000000
RCC.VCOOutputFreq_Value=336000000
RCC.VcooutputI2S=192000000
SH.ADCx_IN15.0=ADC1_IN15,IN15
SH.ADCx_IN15.ConfNb=1
SH.S_TIM3_CH3.0=TIM3_CH3,PWM Generation3 CH3
SH.S_TIM3_CH3.ConfNb=1
SPI1.BaudRatePrescaler=SPI_BAUDRATEPRESCALER_64
SPI1.CLKPhase=SPI_PHASE_2EDGE
SPI1.CalculateBaudRate=1.3125 MBits/s
SPI1.Direction=SPI_DIRECTION_2LINES
SPI1.IPParameters=VirtualType,Mode,Direction,CalculateBaudRate,BaudRatePrescaler,CLKPhase
SPI1.Mode=SPI_MODE_MASTER
SPI1.VirtualType=VM_MASTER
SPI2.BaudRatePrescaler=SPI_BAUDRATEPRESCALER_32
SPI2.CLKPhase=SPI_PHASE_2EDGE
SPI2.CalculateBaudRate=1.3125 MBits/s
SPI2.Direction=SPI_DIRECTION_2LINES
SPI2.IPParameters=VirtualType,Mode,Direction,CalculateBaudRate,BaudRatePrescaler,CLKPhase
SPI2.Mode=SPI_MODE_MASTER
SPI2.VirtualType=VM_MASTER
SPI3.BaudRatePrescaler=SPI_BAUDRATEPRESCALER_128
SPI3.CLKPolarity=SPI_POLARITY_HIGH
SPI3.CalculateBaudRate=328.125 KBits/s
SPI3.Direction=SPI_DIRECTION_2LINES_RXONLY
SPI3.IPParameters=VirtualType,Mode,Direction,CalculateBaudRate,CLKPolarity,BaudRatePrescaler
SPI3.Mode=SPI_MODE_MASTER
SPI3.VirtualType=VM_MASTER
TIM12.IPParameters=Prescaler,Period
TIM12.Period=9999
TIM12.Prescaler=83
TIM13.IPParameters=Prescaler,Period
TIM13.Period=9999
TIM13.Prescaler=839
TIM14.IPParameters=Prescaler,Period
TIM14.Period=9999
TIM14.Prescaler=8399
TIM3.Channel-PWM\ Generation3\ CH3=TIM_CHANNEL_3
TIM3.IPParameters=Channel-PWM Generation3 CH3
UART4.BaudRate=9600
UART4.IPParameters=VirtualMode,BaudRate
UART4.VirtualMode=Asynchronous
UART5.BaudRate=9600
UART5.IPParameters=VirtualMode,BaudRate
UART5.VirtualMode=Asynchronous
USART1.BaudRate=115200
USART1.IPParameters=VirtualMode,BaudRate
USART1.VirtualMode=VM_ASYNC
USART2.BaudRate=9600
USART2.IPParameters=VirtualMode,BaudRate
USART2.VirtualMode=VM_ASYNC
USART3.BaudRate=9600
USART3.IPParameters=VirtualMode,BaudRate
USART3.VirtualMode=VM_ASYNC
USART6.BaudRate=10753
USART6.IPParameters=VirtualMode,BaudRate,Parity,StopBits,WordLength
USART6.Parity=PARITY_EVEN
USART6.StopBits=STOPBITS_2
USART6.VirtualMode=VM_ASYNC
USART6.WordLength=WORDLENGTH_9B
USB_DEVICE.APP_RX_DATA_SIZE-CDC_FS=64
USB_DEVICE.CLASS_NAME_FS=CDC
USB_DEVICE.IPParameters=VirtualMode-CDC_FS,VirtualModeFS,CLASS_NAME_FS,MANUFACTURER_STRING-CDC_FS,PRODUCT_STRING_CDC_FS,APP_RX_DATA_SIZE-CDC_FS
USB_DEVICE.MANUFACTURER_STRING-CDC_FS=FangLi Electronic
USB_DEVICE.PRODUCT_STRING_CDC_FS=FangLI Virtual ComPort
USB_DEVICE.VirtualMode-CDC_FS=Cdc
USB_DEVICE.VirtualModeFS=Cdc_FS
USB_OTG_FS.IPParameters=VirtualMode
USB_OTG_FS.VirtualMode=Device_Only
VP_RNG_VS_RNG.Mode=RNG_Activate
VP_RNG_VS_RNG.Signal=RNG_VS_RNG
VP_SYS_VS_Systick.Mode=SysTick
VP_SYS_VS_Systick.Signal=SYS_VS_Systick
VP_TIM12_VS_ClockSourceINT.Mode=Internal
VP_TIM12_VS_ClockSourceINT.Signal=TIM12_VS_ClockSourceINT
VP_TIM13_VS_ClockSourceINT.Mode=Enable_Timer
VP_TIM13_VS_ClockSourceINT.Signal=TIM13_VS_ClockSourceINT
VP_TIM14_VS_ClockSourceINT.Mode=Enable_Timer
VP_TIM14_VS_ClockSourceINT.Signal=TIM14_VS_ClockSourceINT
VP_TIM1_VS_ClockSourceINT.Mode=Internal
VP_TIM1_VS_ClockSourceINT.Signal=TIM1_VS_ClockSourceINT
VP_TIM2_VS_ClockSourceINT.Mode=Internal
VP_TIM2_VS_ClockSourceINT.Signal=TIM2_VS_ClockSourceINT
VP_TIM3_VS_ClockSourceINT.Mode=Internal
VP_TIM3_VS_ClockSourceINT.Signal=TIM3_VS_ClockSourceINT
VP_TIM5_VS_ClockSourceINT.Mode=Internal
VP_TIM5_VS_ClockSourceINT.Signal=TIM5_VS_ClockSourceINT
VP_USB_DEVICE_VS_USB_DEVICE_CDC_FS.Mode=CDC_FS
VP_USB_DEVICE_VS_USB_DEVICE_CDC_FS.Signal=USB_DEVICE_VS_USB_DEVICE_CDC_FS
board=custom
